
Microsoft Visual Studio Solution File, Format Version 12.00
# Visual Studio Express 2012 for Web
Project("{FAE04EC0-301F-11D3-BF4B-00C04F79EFBC}") = "CrosswordTool", "CrosswordTool\CrosswordTool.csproj", "{342C0CC6-686D-4E45-A086-B68B6DC7BDCF}"
EndProject
Global
	GlobalSection(SolutionConfigurationPlatforms) = preSolution
		Debug|Any CPU = Debug|Any CPU
		Release|Any CPU = Release|Any CPU
	EndGlobalSection
	GlobalSection(ProjectConfigurationPlatforms) = postSolution
		{342C0CC6-686D-4E45-A086-B68B6DC7BDCF}.Debug|Any CPU.ActiveCfg = Debug|Any CPU
		{342C0CC6-686D-4E45-A086-B68B6DC7BDCF}.Debug|Any CPU.Build.0 = Debug|Any CPU
		{342C0CC6-686D-4E45-A086-B68B6DC7BDCF}.Release|Any CPU.ActiveCfg = Release|Any CPU
		{342C0CC6-686D-4E45-A086-B68B6DC7BDCF}.Release|Any CPU.Build.0 = Release|Any CPU
	EndGlobalSection
	GlobalSection(SolutionProperties) = preSolution
		HideSolutionNode = FALSE
	EndGlobalSection
EndGlobal
